
Microsoft Visual Studio Solution File, Format Version 12.00
# Visual Studio Version 16
VisualStudioVersion = 16.0.31402.337
MinimumVisualStudioVersion = 10.0.40219.1
Project("{9A19103F-16F7-4668-BE54-9A1E7A4F7556}") = "RefactorMe", "RefactorMe\RefactorMe.csproj", "{C3A58508-067D-480B-9894-7A115506C8E6}"
EndProject
Project("{9A19103F-16F7-4668-BE54-9A1E7A4F7556}") = "Infrastructure", "Infrastructure\Infrastructure.csproj", "{B2331ADE-519C-4244-BFDC-A5A6E153D1A8}"
EndProject
Project("{FAE04EC0-301F-11D3-BF4B-00C04F79EFBC}") = "RefactorMe.Tests", "RefactorMe.Tests\RefactorMe.Tests.csproj", "{8FE010C8-278F-41F9-A754-65AB83A2FE97}"
EndProject
Global
	GlobalSection(SolutionConfigurationPlatforms) = preSolution
		Debug|Any CPU = Debug|Any CPU
		Release|Any CPU = Release|Any CPU
	EndGlobalSection
	GlobalSection(ProjectConfigurationPlatforms) = postSolution
		{C3A58508-067D-480B-9894-7A115506C8E6}.Debug|Any CPU.ActiveCfg = Debug|Any CPU
		{C3A58508-067D-480B-9894-7A115506C8E6}.Debug|Any CPU.Build.0 = Debug|Any CPU
		{C3A58508-067D-480B-9894-7A115506C8E6}.Release|Any CPU.ActiveCfg = Release|Any CPU
		{C3A58508-067D-480B-9894-7A115506C8E6}.Release|Any CPU.Build.0 = Release|Any CPU
		{B2331ADE-519C-4244-BFDC-A5A6E153D1A8}.Debug|Any CPU.ActiveCfg = Debug|Any CPU
		{B2331ADE-519C-4244-BFDC-A5A6E153D1A8}.Debug|Any CPU.Build.0 = Debug|Any CPU
		{B2331ADE-519C-4244-BFDC-A5A6E153D1A8}.Release|Any CPU.ActiveCfg = Release|Any CPU
		{B2331ADE-519C-4244-BFDC-A5A6E153D1A8}.Release|Any CPU.Build.0 = Release|Any CPU
		{8FE010C8-278F-41F9-A754-65AB83A2FE97}.Debug|Any CPU.ActiveCfg = Debug|Any CPU
		{8FE010C8-278F-41F9-A754-65AB83A2FE97}.Debug|Any CPU.Build.0 = Debug|Any CPU
		{8FE010C8-278F-41F9-A754-65AB83A2FE97}.Release|Any CPU.ActiveCfg = Release|Any CPU
		{8FE010C8-278F-41F9-A754-65AB83A2FE97}.Release|Any CPU.Build.0 = Release|Any CPU
	EndGlobalSection
	GlobalSection(SolutionProperties) = preSolution
		HideSolutionNode = FALSE
	EndGlobalSection
	GlobalSection(ExtensibilityGlobals) = postSolution
		SolutionGuid = {D756E270-BC68-4991-8D81-7A5D525204D2}
	EndGlobalSection
EndGlobal
